
Microsoft Visual Studio Solution File, Format Version 12.00
# Visual Studio Version 17
VisualStudioVersion = 17.0.31903.59
MinimumVisualStudioVersion = 10.0.40219.1
Project("{FAE04EC0-301F-11D3-BF4B-00C04F79EFBC}") = "TeamUp.Android", "TeamUp\TeamUp.Android\TeamUp.Android.csproj", "{2B74E15B-3C93-4B7C-AF8B-358CEAF7C5B5}"
EndProject
Project("{FAE04EC0-301F-11D3-BF4B-00C04F79EFBC}") = "TeamUp.iOS", "TeamUp\TeamUp.iOS\TeamUp.iOS.csproj", "{E047312A-C8FC-443E-B39E-D6B936E50F3B}"
EndProject
Project("{FAE04EC0-301F-11D3-BF4B-00C04F79EFBC}") = "TeamUp", "TeamUp\TeamUp\TeamUp.csproj", "{3E4E9243-1DC1-438F-A73D-077DA4263C9C}"
EndProject
Global
	GlobalSection(SolutionConfigurationPlatforms) = preSolution
		Debug|Any CPU = Debug|Any CPU
		Debug|iPhone = Debug|iPhone
		Debug|iPhoneSimulator = Debug|iPhoneSimulator
		Release|Any CPU = Release|Any CPU
		Release|iPhone = Release|iPhone
		Release|iPhoneSimulator = Release|iPhoneSimulator
	EndGlobalSection
	GlobalSection(ProjectConfigurationPlatforms) = postSolution
		{2B74E15B-3C93-4B7C-AF8B-358CEAF7C5B5}.Debug|Any CPU.ActiveCfg = Debug|Any CPU
		{2B74E15B-3C93-4B7C-AF8B-358CEAF7C5B5}.Debug|Any CPU.Build.0 = Debug|Any CPU
		{2B74E15B-3C93-4B7C-AF8B-358CEAF7C5B5}.Debug|Any CPU.Deploy.0 = Debug|Any CPU
		{2B74E15B-3C93-4B7C-AF8B-358CEAF7C5B5}.Debug|iPhone.ActiveCfg = Debug|Any CPU
		{2B74E15B-3C93-4B7C-AF8B-358CEAF7C5B5}.Debug|iPhone.Build.0 = Debug|Any CPU
		{2B74E15B-3C93-4B7C-AF8B-358CEAF7C5B5}.Debug|iPhone.Deploy.0 = Debug|Any CPU
		{2B74E15B-3C93-4B7C-AF8B-358CEAF7C5B5}.Debug|iPhoneSimulator.ActiveCfg = Debug|Any CPU
		{2B74E15B-3C93-4B7C-AF8B-358CEAF7C5B5}.Debug|iPhoneSimulator.Build.0 = Debug|Any CPU
		{2B74E15B-3C93-4B7C-AF8B-358CEAF7C5B5}.Debug|iPhoneSimulator.Deploy.0 = Debug|Any CPU
		{2B74E15B-3C93-4B7C-AF8B-358CEAF7C5B5}.Release|Any CPU.ActiveCfg = Release|Any CPU
		{2B74E15B-3C93-4B7C-AF8B-358CEAF7C5B5}.Release|Any CPU.Build.0 = Release|Any CPU
		{2B74E15B-3C93-4B7C-AF8B-358CEAF7C5B5}.Release|Any CPU.Deploy.0 = Release|Any CPU
		{2B74E15B-3C93-4B7C-AF8B-358CEAF7C5B5}.Release|iPhone.ActiveCfg = Release|Any CPU
		{2B74E15B-3C93-4B7C-AF8B-358CEAF7C5B5}.Release|iPhone.Build.0 = Release|Any CPU
		{2B74E15B-3C93-4B7C-AF8B-358CEAF7C5B5}.Release|iPhone.Deploy.0 = Release|Any CPU
		{2B74E15B-3C93-4B7C-AF8B-358CEAF7C5B5}.Release|iPhoneSimulator.ActiveCfg = Release|Any CPU
		{2B74E15B-3C93-4B7C-AF8B-358CEAF7C5B5}.Release|iPhoneSimulator.Build.0 = Release|Any CPU
		{2B74E15B-3C93-4B7C-AF8B-358CEAF7C5B5}.Release|iPhoneSimulator.Deploy.0 = Release|Any CPU
		{E047312A-C8FC-443E-B39E-D6B936E50F3B}.Debug|Any CPU.ActiveCfg = Debug|iPhone
		{E047312A-C8FC-443E-B39E-D6B936E50F3B}.Debug|Any CPU.Build.0 = Debug|iPhone
		{E047312A-C8FC-443E-B39E-D6B936E50F3B}.Debug|Any CPU.Deploy.0 = Debug|iPhone
		{E047312A-C8FC-443E-B39E-D6B936E50F3B}.Debug|iPhone.ActiveCfg = Debug|iPhone
		{E047312A-C8FC-443E-B39E-D6B936E50F3B}.Debug|iPhone.Build.0 = Debug|iPhone
		{E047312A-C8FC-443E-B39E-D6B936E50F3B}.Debug|iPhone.Deploy.0 = Debug|iPhone
		{E047312A-C8FC-443E-B39E-D6B936E50F3B}.Debug|iPhoneSimulator.ActiveCfg = Debug|iPhoneSimulator
		{E047312A-C8FC-443E-B39E-D6B936E50F3B}.Debug|iPhoneSimulator.Build.0 = Debug|iPhoneSimulator
		{E047312A-C8FC-443E-B39E-D6B936E50F3B}.Debug|iPhoneSimulator.Deploy.0 = Debug|iPhoneSimulator
		{E047312A-C8FC-443E-B39E-D6B936E50F3B}.Release|Any CPU.ActiveCfg = Release|iPhoneSimulator
		{E047312A-C8FC-443E-B39E-D6B936E50F3B}.Release|Any CPU.Build.0 = Release|iPhoneSimulator
		{E047312A-C8FC-443E-B39E-D6B936E50F3B}.Release|Any CPU.Deploy.0 = Release|iPhoneSimulator
		{E047312A-C8FC-443E-B39E-D6B936E50F3B}.Release|iPhone.ActiveCfg = Release|iPhone
		{E047312A-C8FC-443E-B39E-D6B936E50F3B}.Release|iPhone.Build.0 = Release|iPhone
		{E047312A-C8FC-443E-B39E-D6B936E50F3B}.Release|iPhone.Deploy.0 = Release|iPhone
		{E047312A-C8FC-443E-B39E-D6B936E50F3B}.Release|iPhoneSimulator.ActiveCfg = Release|iPhoneSimulator
		{E047312A-C8FC-443E-B39E-D6B936E50F3B}.Release|iPhoneSimulator.Build.0 = Release|iPhoneSimulator
		{E047312A-C8FC-443E-B39E-D6B936E50F3B}.Release|iPhoneSimulator.Deploy.0 = Release|iPhoneSimulator
		{3E4E9243-1DC1-438F-A73D-077DA4263C9C}.Debug|Any CPU.ActiveCfg = Debug|Any CPU
		{3E4E9243-1DC1-438F-A73D-077DA4263C9C}.Debug|Any CPU.Build.0 = Debug|Any CPU
		{3E4E9243-1DC1-438F-A73D-077DA4263C9C}.Debug|Any CPU.Deploy.0 = Debug|Any CPU
		{3E4E9243-1DC1-438F-A73D-077DA4263C9C}.Debug|iPhone.ActiveCfg = Debug|Any CPU
		{3E4E9243-1DC1-438F-A73D-077DA4263C9C}.Debug|iPhone.Build.0 = Debug|Any CPU
		{3E4E9243-1DC1-438F-A73D-077DA4263C9C}.Debug|iPhone.Deploy.0 = Debug|Any CPU
		{3E4E9243-1DC1-438F-A73D-077DA4263C9C}.Debug|iPhoneSimulator.ActiveCfg = Debug|Any CPU
		{3E4E9243-1DC1-438F-A73D-077DA4263C9C}.Debug|iPhoneSimulator.Build.0 = Debug|Any CPU
		{3E4E9243-1DC1-438F-A73D-077DA4263C9C}.Debug|iPhoneSimulator.Deploy.0 = Debug|Any CPU
		{3E4E9243-1DC1-438F-A73D-077DA4263C9C}.Release|Any CPU.ActiveCfg = Release|Any CPU
		{3E4E9243-1DC1-438F-A73D-077DA4263C9C}.Release|Any CPU.Build.0 = Release|Any CPU
		{3E4E9243-1DC1-438F-A73D-077DA4263C9C}.Release|Any CPU.Deploy.0 = Release|Any CPU
		{3E4E9243-1DC1-438F-A73D-077DA4263C9C}.Release|iPhone.ActiveCfg = Release|Any CPU
		{3E4E9243-1DC1-438F-A73D-077DA4263C9C}.Release|iPhone.Build.0 = Release|Any CPU
		{3E4E9243-1DC1-438F-A73D-077DA4263C9C}.Release|iPhone.Deploy.0 = Release|Any CPU
		{3E4E9243-1DC1-438F-A73D-077DA4263C9C}.Release|iPhoneSimulator.ActiveCfg = Release|Any CPU
		{3E4E9243-1DC1-438F-A73D-077DA4263C9C}.Release|iPhoneSimulator.Build.0 = Release|Any CPU
		{3E4E9243-1DC1-438F-A73D-077DA4263C9C}.Release|iPhoneSimulator.Deploy.0 = Release|Any CPU
	EndGlobalSection
	GlobalSection(SolutionProperties) = preSolution
		HideSolutionNode = FALSE
	EndGlobalSection
	GlobalSection(ExtensibilityGlobals) = postSolution
		SolutionGuid = {343D0380-7BBE-40A4-BBAD-DFC3C4BFD577}
	EndGlobalSection
EndGlobal
